
Microsoft Visual Studio Solution File, Format Version 12.00
# Visual Studio Version 16
VisualStudioVersion = 16.0.30907.101
MinimumVisualStudioVersion = 10.0.40219.1
Project("{FAE04EC0-301F-11D3-BF4B-00C04F79EFBC}") = "Quiz Question Answer (Day 2)", "Quiz Question Answer (Day 2)\Quiz Question Answer (Day 2).csproj", "{F7910F72-B571-4D6F-9028-9A990904C7CF}"
EndProject
Global
	GlobalSection(SolutionConfigurationPlatforms) = preSolution
		Debug|Any CPU = Debug|Any CPU
		Release|Any CPU = Release|Any CPU
	EndGlobalSection
	GlobalSection(ProjectConfigurationPlatforms) = postSolution
		{F7910F72-B571-4D6F-9028-9A990904C7CF}.Debug|Any CPU.ActiveCfg = Debug|Any CPU
		{F7910F72-B571-4D6F-9028-9A990904C7CF}.Debug|Any CPU.Build.0 = Debug|Any CPU
		{F7910F72-B571-4D6F-9028-9A990904C7CF}.Release|Any CPU.ActiveCfg = Release|Any CPU
		{F7910F72-B571-4D6F-9028-9A990904C7CF}.Release|Any CPU.Build.0 = Release|Any CPU
	EndGlobalSection
	GlobalSection(SolutionProperties) = preSolution
		HideSolutionNode = FALSE
	EndGlobalSection
	GlobalSection(ExtensibilityGlobals) = postSolution
		SolutionGuid = {CDE57E1E-511C-4EDD-89B8-588EA95CC5CC}
	EndGlobalSection
EndGlobal
